
Microsoft Visual Studio Solution File, Format Version 12.00
# Visual Studio Version 17
VisualStudioVersion = 17.9.34607.119
MinimumVisualStudioVersion = 10.0.40219.1
Project("{FAE04EC0-301F-11D3-BF4B-00C04F79EFBC}") = "TaxiService", "TaxiService\TaxiService.csproj", "{945578C6-9AB9-45E4-869B-B5E0790B5F4C}"
EndProject
Global
	GlobalSection(SolutionConfigurationPlatforms) = preSolution
		Debug|Any CPU = Debug|Any CPU
		Release|Any CPU = Release|Any CPU
	EndGlobalSection
	GlobalSection(ProjectConfigurationPlatforms) = postSolution
		{945578C6-9AB9-45E4-869B-B5E0790B5F4C}.Debug|Any CPU.ActiveCfg = Debug|Any CPU
		{945578C6-9AB9-45E4-869B-B5E0790B5F4C}.Debug|Any CPU.Build.0 = Debug|Any CPU
		{945578C6-9AB9-45E4-869B-B5E0790B5F4C}.Release|Any CPU.ActiveCfg = Release|Any CPU
		{945578C6-9AB9-45E4-869B-B5E0790B5F4C}.Release|Any CPU.Build.0 = Release|Any CPU
	EndGlobalSection
	GlobalSection(SolutionProperties) = preSolution
		HideSolutionNode = FALSE
	EndGlobalSection
	GlobalSection(ExtensibilityGlobals) = postSolution
		SolutionGuid = {5CA19890-599E-470F-A7B8-DC1DEBD17D90}
	EndGlobalSection
EndGlobal
